// !$*UTF8*$!
{
	archiveVersion = 1;
	classes = {
	};
	objectVersion = 56;
	objects = {

/* Begin PBXBuildFile section */
		5C929E6E2AA38F5B004884C9 /* AppDelegate.swift in Sources */ = {isa = PBXBuildFile; fileRef = 5C929E6D2AA38F5B004884C9 /* AppDelegate.swift */; };
		5C929E702AA38F5B004884C9 /* SceneDelegate.swift in Sources */ = {isa = PBXBuildFile; fileRef = 5C929E6F2AA38F5B004884C9 /* SceneDelegate.swift */; };
		5C929E722AA38F5B004884C9 /* BreedViewController.swift in Sources */ = {isa = PBXBuildFile; fileRef = 5C929E712AA38F5B004884C9 /* BreedViewController.swift */; };
		5C929E752AA38F5B004884C9 /* Main.storyboard in Resources */ = {isa = PBXBuildFile; fileRef = 5C929E732AA38F5B004884C9 /* Main.storyboard */; };
		5C929E772AA38F5C004884C9 /* Assets.xcassets in Resources */ = {isa = PBXBuildFile; fileRef = 5C929E762AA38F5C004884C9 /* Assets.xcassets */; };
		5C929E7A2AA38F5C004884C9 /* LaunchScreen.storyboard in Resources */ = {isa = PBXBuildFile; fileRef = 5C929E782AA38F5C004884C9 /* LaunchScreen.storyboard */; };
		5C929E832AA38FCF004884C9 /* DataService.swift in Sources */ = {isa = PBXBuildFile; fileRef = 5C929E822AA38FCF004884C9 /* DataService.swift */; };
		5C929E852AA38FFB004884C9 /* BreedService.swift in Sources */ = {isa = PBXBuildFile; fileRef = 5C929E842AA38FFB004884C9 /* BreedService.swift */; };
		5C929E882AA39084004884C9 /* CatsBreed.swift in Sources */ = {isa = PBXBuildFile; fileRef = 5C929E872AA39084004884C9 /* CatsBreed.swift */; };
		5C929E8C2AA3C065004884C9 /* ImageService.swift in Sources */ = {isa = PBXBuildFile; fileRef = 5C929E8B2AA3C065004884C9 /* ImageService.swift */; };
		5C929E922AA4D6CC004884C9 /* BreedViewModel.swift in Sources */ = {isa = PBXBuildFile; fileRef = 5C929E912AA4D6CC004884C9 /* BreedViewModel.swift */; };
		5C929E942AA4D6E7004884C9 /* BreedView.swift in Sources */ = {isa = PBXBuildFile; fileRef = 5C929E932AA4D6E7004884C9 /* BreedView.swift */; };
/* End PBXBuildFile section */

/* Begin PBXFileReference section */
		5C929E6A2AA38F5B004884C9 /* CatAPI.app */ = {isa = PBXFileReference; explicitFileType = wrapper.application; includeInIndex = 0; path = CatAPI.app; sourceTree = BUILT_PRODUCTS_DIR; };
		5C929E6D2AA38F5B004884C9 /* AppDelegate.swift */ = {isa = PBXFileReference; lastKnownFileType = sourcecode.swift; path = AppDelegate.swift; sourceTree = "<group>"; };
		5C929E6F2AA38F5B004884C9 /* SceneDelegate.swift */ = {isa = PBXFileReference; lastKnownFileType = sourcecode.swift; path = SceneDelegate.swift; sourceTree = "<group>"; };
		5C929E712AA38F5B004884C9 /* BreedViewController.swift */ = {isa = PBXFileReference; lastKnownFileType = sourcecode.swift; path = BreedViewController.swift; sourceTree = "<group>"; };
		5C929E742AA38F5B004884C9 /* Base */ = {isa = PBXFileReference; lastKnownFileType = file.storyboard; name = Base; path = Base.lproj/Main.storyboard; sourceTree = "<group>"; };
		5C929E762AA38F5C004884C9 /* Assets.xcassets */ = {isa = PBXFileReference; lastKnownFileType = folder.assetcatalog; path = Assets.xcassets; sourceTree = "<group>"; };
		5C929E792AA38F5C004884C9 /* Base */ = {isa = PBXFileReference; lastKnownFileType = file.storyboard; name = Base; path = Base.lproj/LaunchScreen.storyboard; sourceTree = "<group>"; };
		5C929E7B2AA38F5C004884C9 /* Info.plist */ = {isa = PBXFileReference; lastKnownFileType = text.plist.xml; path = Info.plist; sourceTree = "<group>"; };
		5C929E822AA38FCF004884C9 /* DataService.swift */ = {isa = PBXFileReference; lastKnownFileType = sourcecode.swift; path = DataService.swift; sourceTree = "<group>"; };
		5C929E842AA38FFB004884C9 /* BreedService.swift */ = {isa = PBXFileReference; lastKnownFileType = sourcecode.swift; path = BreedService.swift; sourceTree = "<group>"; };
		5C929E872AA39084004884C9 /* CatsBreed.swift */ = {isa = PBXFileReference; lastKnownFileType = sourcecode.swift; path = CatsBreed.swift; sourceTree = "<group>"; };
		5C929E8B2AA3C065004884C9 /* ImageService.swift */ = {isa = PBXFileReference; lastKnownFileType = sourcecode.swift; path = ImageService.swift; sourceTree = "<group>"; };
		5C929E912AA4D6CC004884C9 /* BreedViewModel.swift */ = {isa = PBXFileReference; lastKnownFileType = sourcecode.swift; path = BreedViewModel.swift; sourceTree = "<group>"; };
		5C929E932AA4D6E7004884C9 /* BreedView.swift */ = {isa = PBXFileReference; lastKnownFileType = sourcecode.swift; path = BreedView.swift; sourceTree = "<group>"; };
/* End PBXFileReference section */

/* Begin PBXFrameworksBuildPhase section */
		5C929E672AA38F5B004884C9 /* Frameworks */ = {
			isa = PBXFrameworksBuildPhase;
			buildActionMask = 2147483647;
			files = (
			);
			runOnlyForDeploymentPostprocessing = 0;
		};
/* End PBXFrameworksBuildPhase section */

/* Begin PBXGroup section */
		5C929E612AA38F5B004884C9 = {
			isa = PBXGroup;
			children = (
				5C929E6C2AA38F5B004884C9 /* CatAPI */,
				5C929E6B2AA38F5B004884C9 /* Products */,
			);
			sourceTree = "<group>";
		};
		5C929E6B2AA38F5B004884C9 /* Products */ = {
			isa = PBXGroup;
			children = (
				5C929E6A2AA38F5B004884C9 /* CatAPI.app */,
			);
			name = Products;
			sourceTree = "<group>";
		};
		5C929E6C2AA38F5B004884C9 /* CatAPI */ = {
			isa = PBXGroup;
			children = (
				5C929E902AA4D6B3004884C9 /* BreedView */,
				5C929E862AA3906E004884C9 /* Models */,
				5C929E812AA38F8B004884C9 /* Services */,
				5C929E6D2AA38F5B004884C9 /* AppDelegate.swift */,
				5C929E6F2AA38F5B004884C9 /* SceneDelegate.swift */,
				5C929E732AA38F5B004884C9 /* Main.storyboard */,
				5C929E762AA38F5C004884C9 /* Assets.xcassets */,
				5C929E782AA38F5C004884C9 /* LaunchScreen.storyboard */,
				5C929E7B2AA38F5C004884C9 /* Info.plist */,
			);
			path = CatAPI;
			sourceTree = "<group>";
		};
		5C929E812AA38F8B004884C9 /* Services */ = {
			isa = PBXGroup;
			children = (
				5C929E822AA38FCF004884C9 /* DataService.swift */,
				5C929E842AA38FFB004884C9 /* BreedService.swift */,
				5C929E8B2AA3C065004884C9 /* ImageService.swift */,
			);
			path = Services;
			sourceTree = "<group>";
		};
		5C929E862AA3906E004884C9 /* Models */ = {
			isa = PBXGroup;
			children = (
				5C929E872AA39084004884C9 /* CatsBreed.swift */,
			);
			path = Models;
			sourceTree = "<group>";
		};
		5C929E902AA4D6B3004884C9 /* BreedView */ = {
			isa = PBXGroup;
			children = (
				5C929E712AA38F5B004884C9 /* BreedViewController.swift */,
				5C929E912AA4D6CC004884C9 /* BreedViewModel.swift */,
				5C929E932AA4D6E7004884C9 /* BreedView.swift */,
			);
			path = BreedView;
			sourceTree = "<group>";
		};
/* End PBXGroup section */

/* Begin PBXNativeTarget section */
		5C929E692AA38F5B004884C9 /* CatAPI */ = {
			isa = PBXNativeTarget;
			buildConfigurationList = 5C929E7E2AA38F5C004884C9 /* Build configuration list for PBXNativeTarget "CatAPI" */;
			buildPhases = (
				5C929E662AA38F5B004884C9 /* Sources */,
				5C929E672AA38F5B004884C9 /* Frameworks */,
				5C929E682AA38F5B004884C9 /* Resources */,
			);
			buildRules = (
			);
			dependencies = (
			);
			name = CatAPI;
			productName = CatAPI;
			productReference = 5C929E6A2AA38F5B004884C9 /* CatAPI.app */;
			productType = "com.apple.product-type.application";
		};
/* End PBXNativeTarget section */

/* Begin PBXProject section */
		5C929E622AA38F5B004884C9 /* Project object */ = {
			isa = PBXProject;
			attributes = {
				BuildIndependentTargetsInParallel = 1;
				LastSwiftUpdateCheck = 1430;
				LastUpgradeCheck = 1430;
				TargetAttributes = {
					5C929E692AA38F5B004884C9 = {
						CreatedOnToolsVersion = 14.3.1;
					};
				};
			};
			buildConfigurationList = 5C929E652AA38F5B004884C9 /* Build configuration list for PBXProject "CatAPI" */;
			compatibilityVersion = "Xcode 14.0";
			developmentRegion = en;
			hasScannedForEncodings = 0;
			knownRegions = (
				en,
				Base,
			);
			mainGroup = 5C929E612AA38F5B004884C9;
			productRefGroup = 5C929E6B2AA38F5B004884C9 /* Products */;
			projectDirPath = "";
			projectRoot = "";
			targets = (
				5C929E692AA38F5B004884C9 /* CatAPI */,
			);
		};
/* End PBXProject section */

/* Begin PBXResourcesBuildPhase section */
		5C929E682AA38F5B004884C9 /* Resources */ = {
			isa = PBXResourcesBuildPhase;
			buildActionMask = 2147483647;
			files = (
				5C929E7A2AA38F5C004884C9 /* LaunchScreen.storyboard in Resources */,
				5C929E772AA38F5C004884C9 /* Assets.xcassets in Resources */,
				5C929E752AA38F5B004884C9 /* Main.storyboard in Resources */,
			);
			runOnlyForDeploymentPostprocessing = 0;
		};
/* End PBXResourcesBuildPhase section */

/* Begin PBXSourcesBuildPhase section */
		5C929E662AA38F5B004884C9 /* Sources */ = {
			isa = PBXSourcesBuildPhase;
			buildActionMask = 2147483647;
			files = (
				5C929E722AA38F5B004884C9 /* BreedViewController.swift in Sources */,
				5C929E942AA4D6E7004884C9 /* BreedView.swift in Sources */,
				5C929E8C2AA3C065004884C9 /* ImageService.swift in Sources */,
				5C929E6E2AA38F5B004884C9 /* AppDelegate.swift in Sources */,
				5C929E702AA38F5B004884C9 /* SceneDelegate.swift in Sources */,
				5C929E832AA38FCF004884C9 /* DataService.swift in Sources */,
				5C929E922AA4D6CC004884C9 /* BreedViewModel.swift in Sources */,
				5C929E882AA39084004884C9 /* CatsBreed.swift in Sources */,
				5C929E852AA38FFB004884C9 /* BreedService.swift in Sources */,
			);
			runOnlyForDeploymentPostprocessing = 0;
		};
/* End PBXSourcesBuildPhase section */

/* Begin PBXVariantGroup section */
		5C929E732AA38F5B004884C9 /* Main.storyboard */ = {
			isa = PBXVariantGroup;
			children = (
				5C929E742AA38F5B004884C9 /* Base */,
			);
			name = Main.storyboard;
			sourceTree = "<group>";
		};
		5C929E782AA38F5C004884C9 /* LaunchScreen.storyboard */ = {
			isa = PBXVariantGroup;
			children = (
				5C929E792AA38F5C004884C9 /* Base */,
			);
			name = LaunchScreen.storyboard;
			sourceTree = "<group>";
		};
/* End PBXVariantGroup section */

/* Begin XCBuildConfiguration section */
		5C929E7C2AA38F5C004884C9 /* Debug */ = {
			isa = XCBuildConfiguration;
			buildSettings = {
				ALWAYS_SEARCH_USER_PATHS = NO;
				CLANG_ANALYZER_NONNULL = YES;
				CLANG_ANALYZER_NUMBER_OBJECT_CONVERSION = YES_AGGRESSIVE;
				CLANG_CXX_LANGUAGE_STANDARD = "gnu++20";
				CLANG_ENABLE_MODULES = YES;
				CLANG_ENABLE_OBJC_ARC = YES;
				CLANG_ENABLE_OBJC_WEAK = YES;
				CLANG_WARN_BLOCK_CAPTURE_AUTORELEASING = YES;
				CLANG_WARN_BOOL_CONVERSION = YES;
				CLANG_WARN_COMMA = YES;
				CLANG_WARN_CONSTANT_CONVERSION = YES;
				CLANG_WARN_DEPRECATED_OBJC_IMPLEMENTATIONS = YES;
				CLANG_WARN_DIRECT_OBJC_ISA_USAGE = YES_ERROR;
				CLANG_WARN_DOCUMENTATION_COMMENTS = YES;
				CLANG_WARN_EMPTY_BODY = YES;
				CLANG_WARN_ENUM_CONVERSION = YES;
				CLANG_WARN_INFINITE_RECURSION = YES;
				CLANG_WARN_INT_CONVERSION = YES;
				CLANG_WARN_NON_LITERAL_NULL_CONVERSION = YES;
				CLANG_WARN_OBJC_IMPLICIT_RETAIN_SELF = YES;
				CLANG_WARN_OBJC_LITERAL_CONVERSION = YES;
				CLANG_WARN_OBJC_ROOT_CLASS = YES_ERROR;
				CLANG_WARN_QUOTED_INCLUDE_IN_FRAMEWORK_HEADER = YES;
				CLANG_WARN_RANGE_LOOP_ANALYSIS = YES;
				CLANG_WARN_STRICT_PROTOTYPES = YES;
				CLANG_WARN_SUSPICIOUS_MOVE = YES;
				CLANG_WARN_UNGUARDED_AVAILABILITY = YES_AGGRESSIVE;
				CLANG_WARN_UNREACHABLE_CODE = YES;
				CLANG_WARN__DUPLICATE_METHOD_MATCH = YES;
				COPY_PHASE_STRIP = NO;
				DEBUG_INFORMATION_FORMAT = dwarf;
				ENABLE_STRICT_OBJC_MSGSEND = YES;
				ENABLE_TESTABILITY = YES;
				GCC_C_LANGUAGE_STANDARD = gnu11;
				GCC_DYNAMIC_NO_PIC = NO;
				GCC_NO_COMMON_BLOCKS = YES;
				GCC_OPTIMIZATION_LEVEL = 0;
				GCC_PREPROCESSOR_DEFINITIONS = (
					"DEBUG=1",
					"$(inherited)",
				);
				GCC_WARN_64_TO_32_BIT_CONVERSION = YES;
				GCC_WARN_ABOUT_RETURN_TYPE = YES_ERROR;
				GCC_WARN_UNDECLARED_SELECTOR = YES;
				GCC_WARN_UNINITIALIZED_AUTOS = YES_AGGRESSIVE;
				GCC_WARN_UNUSED_FUNCTION = YES;
				GCC_WARN_UNUSED_VARIABLE = YES;
				IPHONEOS_DEPLOYMENT_TARGET = 16.4;
				MTL_ENABLE_DEBUG_INFO = INCLUDE_SOURCE;
				MTL_FAST_MATH = YES;
				ONLY_ACTIVE_ARCH = YES;
				SDKROOT = iphoneos;
				SWIFT_ACTIVE_COMPILATION_CONDITIONS = DEBUG;
				SWIFT_OPTIMIZATION_LEVEL = "-Onone";
			};
			name = Debug;
		};
		5C929E7D2AA38F5C004884C9 /* Release */ = {
			isa = XCBuildConfiguration;
			buildSettings = {
				ALWAYS_SEARCH_USER_PATHS = NO;
				CLANG_ANALYZER_NONNULL = YES;
				CLANG_ANALYZER_NUMBER_OBJECT_CONVERSION = YES_AGGRESSIVE;
				CLANG_CXX_LANGUAGE_STANDARD = "gnu++20";
				CLANG_ENABLE_MODULES = YES;
				CLANG_ENABLE_OBJC_ARC = YES;
				CLANG_ENABLE_OBJC_WEAK = YES;
				CLANG_WARN_BLOCK_CAPTURE_AUTORELEASING = YES;
				CLANG_WARN_BOOL_CONVERSION = YES;
				CLANG_WARN_COMMA = YES;
				CLANG_WARN_CONSTANT_CONVERSION = YES;
				CLANG_WARN_DEPRECATED_OBJC_IMPLEMENTATIONS = YES;
				CLANG_WARN_DIRECT_OBJC_ISA_USAGE = YES_ERROR;
				CLANG_WARN_DOCUMENTATION_COMMENTS = YES;
				CLANG_WARN_EMPTY_BODY = YES;
				CLANG_WARN_ENUM_CONVERSION = YES;
				CLANG_WARN_INFINITE_RECURSION = YES;
				CLANG_WARN_INT_CONVERSION = YES;
				CLANG_WARN_NON_LITERAL_NULL_CONVERSION = YES;
				CLANG_WARN_OBJC_IMPLICIT_RETAIN_SELF = YES;
				CLANG_WARN_OBJC_LITERAL_CONVERSION = YES;
				CLANG_WARN_OBJC_ROOT_CLASS = YES_ERROR;
				CLANG_WARN_QUOTED_INCLUDE_IN_FRAMEWORK_HEADER = YES;
				CLANG_WARN_RANGE_LOOP_ANALYSIS = YES;
				CLANG_WARN_STRICT_PROTOTYPES = YES;
				CLANG_WARN_SUSPICIOUS_MOVE = YES;
				CLANG_WARN_UNGUARDED_AVAILABILITY = YES_AGGRESSIVE;
				CLANG_WARN_UNREACHABLE_CODE = YES;
				CLANG_WARN__DUPLICATE_METHOD_MATCH = YES;
				COPY_PHASE_STRIP = NO;
				DEBUG_INFORMATION_FORMAT = "dwarf-with-dsym";
				ENABLE_NS_ASSERTIONS = NO;
				ENABLE_STRICT_OBJC_MSGSEND = YES;
				GCC_C_LANGUAGE_STANDARD = gnu11;
				GCC_NO_COMMON_BLOCKS = YES;
				GCC_WARN_64_TO_32_BIT_CONVERSION = YES;
				GCC_WARN_ABOUT_RETURN_TYPE = YES_ERROR;
				GCC_WARN_UNDECLARED_SELECTOR = YES;
				GCC_WARN_UNINITIALIZED_AUTOS = YES_AGGRESSIVE;
				GCC_WARN_UNUSED_FUNCTION = YES;
				GCC_WARN_UNUSED_VARIABLE = YES;
				IPHONEOS_DEPLOYMENT_TARGET = 16.4;
				MTL_ENABLE_DEBUG_INFO = NO;
				MTL_FAST_MATH = YES;
				SDKROOT = iphoneos;
				SWIFT_COMPILATION_MODE = wholemodule;
				SWIFT_OPTIMIZATION_LEVEL = "-O";
				VALIDATE_PRODUCT = YES;
			};
			name = Release;
		};
		5C929E7F2AA38F5C004884C9 /* Debug */ = {
			isa = XCBuildConfiguration;
			buildSettings = {
				ASSETCATALOG_COMPILER_APPICON_NAME = AppIcon;
				ASSETCATALOG_COMPILER_GLOBAL_ACCENT_COLOR_NAME = AccentColor;
				CODE_SIGN_STYLE = Automatic;
				CURRENT_PROJECT_VERSION = 1;
				DEVELOPMENT_TEAM = D3G7X92YU8;
				GENERATE_INFOPLIST_FILE = YES;
				INFOPLIST_FILE = CatAPI/Info.plist;
				INFOPLIST_KEY_UIApplicationSupportsIndirectInputEvents = YES;
				INFOPLIST_KEY_UILaunchStoryboardName = LaunchScreen;
				INFOPLIST_KEY_UIMainStoryboardFile = Main;
				INFOPLIST_KEY_UISupportedInterfaceOrientations_iPad = "UIInterfaceOrientationPortrait UIInterfaceOrientationPortraitUpsideDown UIInterfaceOrientationLandscapeLeft UIInterfaceOrientationLandscapeRight";
				INFOPLIST_KEY_UISupportedInterfaceOrientations_iPhone = "UIInterfaceOrientationPortrait UIInterfaceOrientationLandscapeLeft UIInterfaceOrientationLandscapeRight";
				LD_RUNPATH_SEARCH_PATHS = (
					"$(inherited)",
					"@executable_path/Frameworks",
				);
				MARKETING_VERSION = 1.0;
				PRODUCT_BUNDLE_IDENTIFIER = com.es.CatAPI;
				PRODUCT_NAME = "$(TARGET_NAME)";
				SWIFT_EMIT_LOC_STRINGS = YES;
				SWIFT_VERSION = 5.0;
				TARGETED_DEVICE_FAMILY = "1,2";
			};
			name = Debug;
		};
		5C929E802AA38F5C004884C9 /* Release */ = {
			isa = XCBuildConfiguration;
			buildSettings = {
				ASSETCATALOG_COMPILER_APPICON_NAME = AppIcon;
				ASSETCATALOG_COMPILER_GLOBAL_ACCENT_COLOR_NAME = AccentColor;
				CODE_SIGN_STYLE = Automatic;
				CURRENT_PROJECT_VERSION = 1;
				DEVELOPMENT_TEAM = D3G7X92YU8;
				GENERATE_INFOPLIST_FILE = YES;
				INFOPLIST_FILE = CatAPI/Info.plist;
				INFOPLIST_KEY_UIApplicationSupportsIndirectInputEvents = YES;
				INFOPLIST_KEY_UILaunchStoryboardName = LaunchScreen;
				INFOPLIST_KEY_UIMainStoryboardFile = Main;
				INFOPLIST_KEY_UISupportedInterfaceOrientations_iPad = "UIInterfaceOrientationPortrait UIInterfaceOrientationPortraitUpsideDown UIInterfaceOrientationLandscapeLeft UIInterfaceOrientationLandscapeRight";
				INFOPLIST_KEY_UISupportedInterfaceOrientations_iPhone = "UIInterfaceOrientationPortrait UIInterfaceOrientationLandscapeLeft UIInterfaceOrientationLandscapeRight";
				LD_RUNPATH_SEARCH_PATHS = (
					"$(inherited)",
					"@executable_path/Frameworks",
				);
				MARKETING_VERSION = 1.0;
				PRODUCT_BUNDLE_IDENTIFIER = com.es.CatAPI;
				PRODUCT_NAME = "$(TARGET_NAME)";
				SWIFT_EMIT_LOC_STRINGS = YES;
				SWIFT_VERSION = 5.0;
				TARGETED_DEVICE_FAMILY = "1,2";
			};
			name = Release;
		};
/* End XCBuildConfiguration section */

/* Begin XCConfigurationList section */
		5C929E652AA38F5B004884C9 /* Build configuration list for PBXProject "CatAPI" */ = {
			isa = XCConfigurationList;
			buildConfigurations = (
				5C929E7C2AA38F5C004884C9 /* Debug */,
				5C929E7D2AA38F5C004884C9 /* Release */,
			);
			defaultConfigurationIsVisible = 0;
			defaultConfigurationName = Release;
		};
		5C929E7E2AA38F5C004884C9 /* Build configuration list for PBXNativeTarget "CatAPI" */ = {
			isa = XCConfigurationList;
			buildConfigurations = (
				5C929E7F2AA38F5C004884C9 /* Debug */,
				5C929E802AA38F5C004884C9 /* Release */,
			);
			defaultConfigurationIsVisible = 0;
			defaultConfigurationName = Release;
		};
/* End XCConfigurationList section */
	};
	rootObject = 5C929E622AA38F5B004884C9 /* Project object */;
}
